{
  "version": 4,
  "terraform_version": "1.3.5",
  "serial": 56,
  "lineage": "cc081b40-57f0-7a2e-16e1-4063c00e3240",
  "outputs": {
    "external_ip_address_vms": {
      "value": {
        "dv20-clickhouse": "51.250.80.93",
        "dv20-lighthouse": "51.250.71.175",
        "dv20-vector": "51.250.64.167"
      },
      "type": [
        "object",
        {
          "dv20-clickhouse": "string",
          "dv20-lighthouse": "string",
          "dv20-vector": "string"
        }
      ]
    }
  },
  "resources": [
    {
      "mode": "managed",
      "type": "yandex_compute_instance",
      "name": "vms",
      "provider": "provider[\"registry.terraform.io/yandex-cloud/yandex\"]",
      "instances": [
        {
          "index_key": "dv20-clickhouse",
          "schema_version": 1,
          "attributes": {
            "allow_recreate": null,
            "allow_stopping_for_update": null,
            "boot_disk": [
              {
                "auto_delete": true,
                "device_name": "fhmg58tfhahmgnccto1t",
                "disk_id": "fhmg58tfhahmgnccto1t",
                "initialize_params": [
                  {
                    "block_size": 4096,
                    "description": "",
                    "image_id": "fd8jvcoeij6u9se84dt5",
                    "name": "",
                    "size": 10,
                    "snapshot_id": "",
                    "type": "network-hdd"
                  }
                ],
                "mode": "READ_WRITE"
              }
            ],
            "created_at": "2022-12-18T19:44:48Z",
            "description": "",
            "folder_id": "b1g120ok8eob761pks4v",
            "fqdn": "fhmamh6gfdl7lbej4nfk.auto.internal",
            "hostname": "",
            "id": "fhmamh6gfdl7lbej4nfk",
            "labels": null,
            "local_disk": [],
            "metadata": {
              "ssh-keys": "vagrant:ssh-rsa AAAAB3NzaC1yc2EAAAADAQABAAABgQDG1swwhJxonVd/so2LGgEl0gXhySFk4H86rwLT++a2hfo1Hf58JIyyrbhfjEeRY0liRo1QvooIYSF6h8K4qoRVYvxvLVN4ntj8s9nbXe7LYThuP8PJAc3kfvrN5Hzq5qeBA1IkGIi33ldGwagKj03cC3hCtsag7dpEsEggg7I5gAlqil3j/X/+zg4Q1ZGzWGQRMCKNtWcwSThIvDqYxeuiDksacdoBLxGxwZrF41PlL7puq8kYzNpCsvFu2FYrUM+HOeo+jJUGIQwQPGp8hTx7y0LPPtiHfw83ctii4VNJU7UH4WUsFZFmcEonZtJ2SKygDF2pqiFbP6//iDfLB3Kc5rzoyF4HY0ZJHIf25bHHsBUKqujRfCDv0H8rbZ3bZcJCZ/e23kKrSkmGibW0jEBGHgJDxHZrYeIsXrsFAgthV7rRpzKe6wo9EuQe8QTSUFed7fKK8YqiXaqOVgYjFhfE5RFbcqy0YS/GnkNAf32yQeqASXhirOOPr5ZpO94QmJE= vmedvedev@mintdesk\n"
            },
            "name": "dv20-clickhouse",
            "network_acceleration_type": "standard",
            "network_interface": [
              {
                "dns_record": [],
                "index": 0,
                "ip_address": "192.168.10.26",
                "ipv4": true,
                "ipv6": false,
                "ipv6_address": "",
                "ipv6_dns_record": [],
                "mac_address": "d0:0d:ab:44:d0:7b",
                "nat": true,
                "nat_dns_record": [],
                "nat_ip_address": "51.250.80.93",
                "nat_ip_version": "IPV4",
                "security_group_ids": [],
                "subnet_id": "e9bavvgd37c961bsnr8g"
              }
            ],
            "placement_policy": [
              {
                "host_affinity_rules": [],
                "placement_group_id": ""
              }
            ],
            "platform_id": "standard-v1",
            "resources": [
              {
                "core_fraction": 100,
                "cores": 2,
                "gpus": 0,
                "memory": 4
              }
            ],
            "scheduling_policy": [
              {
                "preemptible": false
              }
            ],
            "secondary_disk": [],
            "service_account_id": "",
            "status": "running",
            "timeouts": null,
            "zone": "ru-central1-a"
          },
          "sensitive_attributes": [],
          "private": "eyJlMmJmYjczMC1lY2FhLTExZTYtOGY4OC0zNDM2M2JjN2M0YzAiOnsiY3JlYXRlIjozMDAwMDAwMDAwMDAsImRlbGV0ZSI6MzAwMDAwMDAwMDAwLCJ1cGRhdGUiOjMwMDAwMDAwMDAwMH0sInNjaGVtYV92ZXJzaW9uIjoiMSJ9",
          "dependencies": [
            "yandex_vpc_network.network-1",
            "yandex_vpc_subnet.subnet-1"
          ]
        },
        {
          "index_key": "dv20-lighthouse",
          "schema_version": 1,
          "attributes": {
            "allow_recreate": null,
            "allow_stopping_for_update": null,
            "boot_disk": [
              {
                "auto_delete": true,
                "device_name": "fhmebpdp4hh2ldb95ea5",
                "disk_id": "fhmebpdp4hh2ldb95ea5",
                "initialize_params": [
                  {
                    "block_size": 4096,
                    "description": "",
                    "image_id": "fd8jvcoeij6u9se84dt5",
                    "name": "",
                    "size": 10,
                    "snapshot_id": "",
                    "type": "network-hdd"
                  }
                ],
                "mode": "READ_WRITE"
              }
            ],
            "created_at": "2022-12-18T19:44:48Z",
            "description": "",
            "folder_id": "b1g120ok8eob761pks4v",
            "fqdn": "fhmco6giuopa3o2mvpg8.auto.internal",
            "hostname": "",
            "id": "fhmco6giuopa3o2mvpg8",
            "labels": null,
            "local_disk": [],
            "metadata": {
              "ssh-keys": "vagrant:ssh-rsa AAAAB3NzaC1yc2EAAAADAQABAAABgQDG1swwhJxonVd/so2LGgEl0gXhySFk4H86rwLT++a2hfo1Hf58JIyyrbhfjEeRY0liRo1QvooIYSF6h8K4qoRVYvxvLVN4ntj8s9nbXe7LYThuP8PJAc3kfvrN5Hzq5qeBA1IkGIi33ldGwagKj03cC3hCtsag7dpEsEggg7I5gAlqil3j/X/+zg4Q1ZGzWGQRMCKNtWcwSThIvDqYxeuiDksacdoBLxGxwZrF41PlL7puq8kYzNpCsvFu2FYrUM+HOeo+jJUGIQwQPGp8hTx7y0LPPtiHfw83ctii4VNJU7UH4WUsFZFmcEonZtJ2SKygDF2pqiFbP6//iDfLB3Kc5rzoyF4HY0ZJHIf25bHHsBUKqujRfCDv0H8rbZ3bZcJCZ/e23kKrSkmGibW0jEBGHgJDxHZrYeIsXrsFAgthV7rRpzKe6wo9EuQe8QTSUFed7fKK8YqiXaqOVgYjFhfE5RFbcqy0YS/GnkNAf32yQeqASXhirOOPr5ZpO94QmJE= vmedvedev@mintdesk\n"
            },
            "name": "dv20-lighthouse",
            "network_acceleration_type": "standard",
            "network_interface": [
              {
                "dns_record": [],
                "index": 0,
                "ip_address": "192.168.10.24",
                "ipv4": true,
                "ipv6": false,
                "ipv6_address": "",
                "ipv6_dns_record": [],
                "mac_address": "d0:0d:cc:1a:12:f6",
                "nat": true,
                "nat_dns_record": [],
                "nat_ip_address": "51.250.71.175",
                "nat_ip_version": "IPV4",
                "security_group_ids": [],
                "subnet_id": "e9bavvgd37c961bsnr8g"
              }
            ],
            "placement_policy": [
              {
                "host_affinity_rules": [],
                "placement_group_id": ""
              }
            ],
            "platform_id": "standard-v1",
            "resources": [
              {
                "core_fraction": 100,
                "cores": 2,
                "gpus": 0,
                "memory": 2
              }
            ],
            "scheduling_policy": [
              {
                "preemptible": false
              }
            ],
            "secondary_disk": [],
            "service_account_id": "",
            "status": "running",
            "timeouts": null,
            "zone": "ru-central1-a"
          },
          "sensitive_attributes": [],
          "private": "eyJlMmJmYjczMC1lY2FhLTExZTYtOGY4OC0zNDM2M2JjN2M0YzAiOnsiY3JlYXRlIjozMDAwMDAwMDAwMDAsImRlbGV0ZSI6MzAwMDAwMDAwMDAwLCJ1cGRhdGUiOjMwMDAwMDAwMDAwMH0sInNjaGVtYV92ZXJzaW9uIjoiMSJ9",
          "dependencies": [
            "yandex_vpc_network.network-1",
            "yandex_vpc_subnet.subnet-1"
          ]
        },
        {
          "index_key": "dv20-vector",
          "schema_version": 1,
          "attributes": {
            "allow_recreate": null,
            "allow_stopping_for_update": null,
            "boot_disk": [
              {
                "auto_delete": true,
                "device_name": "fhmrhti9kec0sse1ogdg",
                "disk_id": "fhmrhti9kec0sse1ogdg",
                "initialize_params": [
                  {
                    "block_size": 4096,
                    "description": "",
                    "image_id": "fd8jvcoeij6u9se84dt5",
                    "name": "",
                    "size": 10,
                    "snapshot_id": "",
                    "type": "network-hdd"
                  }
                ],
                "mode": "READ_WRITE"
              }
            ],
            "created_at": "2022-12-18T19:44:48Z",
            "description": "",
            "folder_id": "b1g120ok8eob761pks4v",
            "fqdn": "fhm1rb8f3npsbbqfueb7.auto.internal",
            "hostname": "",
            "id": "fhm1rb8f3npsbbqfueb7",
            "labels": null,
            "local_disk": [],
            "metadata": {
              "ssh-keys": "vagrant:ssh-rsa AAAAB3NzaC1yc2EAAAADAQABAAABgQDG1swwhJxonVd/so2LGgEl0gXhySFk4H86rwLT++a2hfo1Hf58JIyyrbhfjEeRY0liRo1QvooIYSF6h8K4qoRVYvxvLVN4ntj8s9nbXe7LYThuP8PJAc3kfvrN5Hzq5qeBA1IkGIi33ldGwagKj03cC3hCtsag7dpEsEggg7I5gAlqil3j/X/+zg4Q1ZGzWGQRMCKNtWcwSThIvDqYxeuiDksacdoBLxGxwZrF41PlL7puq8kYzNpCsvFu2FYrUM+HOeo+jJUGIQwQPGp8hTx7y0LPPtiHfw83ctii4VNJU7UH4WUsFZFmcEonZtJ2SKygDF2pqiFbP6//iDfLB3Kc5rzoyF4HY0ZJHIf25bHHsBUKqujRfCDv0H8rbZ3bZcJCZ/e23kKrSkmGibW0jEBGHgJDxHZrYeIsXrsFAgthV7rRpzKe6wo9EuQe8QTSUFed7fKK8YqiXaqOVgYjFhfE5RFbcqy0YS/GnkNAf32yQeqASXhirOOPr5ZpO94QmJE= vmedvedev@mintdesk\n"
            },
            "name": "dv20-vector",
            "network_acceleration_type": "standard",
            "network_interface": [
              {
                "dns_record": [],
                "index": 0,
                "ip_address": "192.168.10.8",
                "ipv4": true,
                "ipv6": false,
                "ipv6_address": "",
                "ipv6_dns_record": [],
                "mac_address": "d0:0d:1d:ad:0f:1d",
                "nat": true,
                "nat_dns_record": [],
                "nat_ip_address": "51.250.64.167",
                "nat_ip_version": "IPV4",
                "security_group_ids": [],
                "subnet_id": "e9bavvgd37c961bsnr8g"
              }
            ],
            "placement_policy": [
              {
                "host_affinity_rules": [],
                "placement_group_id": ""
              }
            ],
            "platform_id": "standard-v1",
            "resources": [
              {
                "core_fraction": 100,
                "cores": 2,
                "gpus": 0,
                "memory": 2
              }
            ],
            "scheduling_policy": [
              {
                "preemptible": false
              }
            ],
            "secondary_disk": [],
            "service_account_id": "",
            "status": "running",
            "timeouts": null,
            "zone": "ru-central1-a"
          },
          "sensitive_attributes": [],
          "private": "eyJlMmJmYjczMC1lY2FhLTExZTYtOGY4OC0zNDM2M2JjN2M0YzAiOnsiY3JlYXRlIjozMDAwMDAwMDAwMDAsImRlbGV0ZSI6MzAwMDAwMDAwMDAwLCJ1cGRhdGUiOjMwMDAwMDAwMDAwMH0sInNjaGVtYV92ZXJzaW9uIjoiMSJ9",
          "dependencies": [
            "yandex_vpc_network.network-1",
            "yandex_vpc_subnet.subnet-1"
          ]
        }
      ]
    },
    {
      "mode": "managed",
      "type": "yandex_vpc_network",
      "name": "network-1",
      "provider": "provider[\"registry.terraform.io/yandex-cloud/yandex\"]",
      "instances": [
        {
          "schema_version": 0,
          "attributes": {
            "created_at": "2022-12-18T19:44:45Z",
            "default_security_group_id": "",
            "description": "",
            "folder_id": "b1g120ok8eob761pks4v",
            "id": "enp3m6acs4jebs6tan8e",
            "labels": {},
            "name": "network1",
            "subnet_ids": [],
            "timeouts": null
          },
          "sensitive_attributes": [],
          "private": "eyJlMmJmYjczMC1lY2FhLTExZTYtOGY4OC0zNDM2M2JjN2M0YzAiOnsiY3JlYXRlIjo2MDAwMDAwMDAwMCwiZGVsZXRlIjo2MDAwMDAwMDAwMCwidXBkYXRlIjo2MDAwMDAwMDAwMH19"
        }
      ]
    },
    {
      "mode": "managed",
      "type": "yandex_vpc_subnet",
      "name": "subnet-1",
      "provider": "provider[\"registry.terraform.io/yandex-cloud/yandex\"]",
      "instances": [
        {
          "schema_version": 0,
          "attributes": {
            "created_at": "2022-12-18T19:44:46Z",
            "description": "",
            "dhcp_options": [],
            "folder_id": "b1g120ok8eob761pks4v",
            "id": "e9bavvgd37c961bsnr8g",
            "labels": {},
            "name": "subnet1",
            "network_id": "enp3m6acs4jebs6tan8e",
            "route_table_id": "",
            "timeouts": null,
            "v4_cidr_blocks": [
              "192.168.10.0/24"
            ],
            "v6_cidr_blocks": [],
            "zone": "ru-central1-a"
          },
          "sensitive_attributes": [],
          "private": "eyJlMmJmYjczMC1lY2FhLTExZTYtOGY4OC0zNDM2M2JjN2M0YzAiOnsiY3JlYXRlIjoxODAwMDAwMDAwMDAsImRlbGV0ZSI6MTgwMDAwMDAwMDAwLCJ1cGRhdGUiOjE4MDAwMDAwMDAwMH19",
          "dependencies": [
            "yandex_vpc_network.network-1"
          ]
        }
      ]
    }
  ],
  "check_results": null
}
