{
  "version": 4,
  "terraform_version": "1.3.5",
  "serial": 19,
  "lineage": "cc081b40-57f0-7a2e-16e1-4063c00e3240",
  "outputs": {
    "external_ip_address_vms": {
      "value": {
        "dv20-clickhouse": "51.250.86.35",
        "dv20-lighthouse": "51.250.80.120",
        "dv20-vector": "84.201.158.207"
      },
      "type": [
        "object",
        {
          "dv20-clickhouse": "string",
          "dv20-lighthouse": "string",
          "dv20-vector": "string"
        }
      ]
    }
  },
  "resources": [
    {
      "mode": "managed",
      "type": "yandex_compute_instance",
      "name": "vms",
      "provider": "provider[\"registry.terraform.io/yandex-cloud/yandex\"]",
      "instances": [
        {
          "index_key": "dv20-clickhouse",
          "schema_version": 1,
          "attributes": {
            "allow_recreate": null,
            "allow_stopping_for_update": null,
            "boot_disk": [
              {
                "auto_delete": true,
                "device_name": "fhm1ohntg58g2q3r6dad",
                "disk_id": "fhm1ohntg58g2q3r6dad",
                "initialize_params": [
                  {
                    "block_size": 4096,
                    "description": "",
                    "image_id": "fd81hgrcv6lsnkremf32",
                    "name": "",
                    "size": 3,
                    "snapshot_id": "",
                    "type": "network-hdd"
                  }
                ],
                "mode": "READ_WRITE"
              }
            ],
            "created_at": "2022-11-28T20:49:58Z",
            "description": "",
            "folder_id": "b1g120ok8eob761pks4v",
            "fqdn": "fhmdj99jhoakc0cfm0eb.auto.internal",
            "hostname": "",
            "id": "fhmdj99jhoakc0cfm0eb",
            "labels": null,
            "local_disk": [],
            "metadata": {
              "ssh-keys": "vagrant:ssh-rsa AAAAB3NzaC1yc2EAAAADAQABAAABgQDG1swwhJxonVd/so2LGgEl0gXhySFk4H86rwLT++a2hfo1Hf58JIyyrbhfjEeRY0liRo1QvooIYSF6h8K4qoRVYvxvLVN4ntj8s9nbXe7LYThuP8PJAc3kfvrN5Hzq5qeBA1IkGIi33ldGwagKj03cC3hCtsag7dpEsEggg7I5gAlqil3j/X/+zg4Q1ZGzWGQRMCKNtWcwSThIvDqYxeuiDksacdoBLxGxwZrF41PlL7puq8kYzNpCsvFu2FYrUM+HOeo+jJUGIQwQPGp8hTx7y0LPPtiHfw83ctii4VNJU7UH4WUsFZFmcEonZtJ2SKygDF2pqiFbP6//iDfLB3Kc5rzoyF4HY0ZJHIf25bHHsBUKqujRfCDv0H8rbZ3bZcJCZ/e23kKrSkmGibW0jEBGHgJDxHZrYeIsXrsFAgthV7rRpzKe6wo9EuQe8QTSUFed7fKK8YqiXaqOVgYjFhfE5RFbcqy0YS/GnkNAf32yQeqASXhirOOPr5ZpO94QmJE= vmedvedev@mintdesk\n"
            },
            "name": "dv20-clickhouse",
            "network_acceleration_type": "standard",
            "network_interface": [
              {
                "dns_record": [],
                "index": 0,
                "ip_address": "192.168.10.19",
                "ipv4": true,
                "ipv6": false,
                "ipv6_address": "",
                "ipv6_dns_record": [],
                "mac_address": "d0:0d:d9:a5:33:8e",
                "nat": true,
                "nat_dns_record": [],
                "nat_ip_address": "51.250.86.35",
                "nat_ip_version": "IPV4",
                "security_group_ids": [],
                "subnet_id": "e9bn6kfaq54vjn0ptp28"
              }
            ],
            "placement_policy": [
              {
                "host_affinity_rules": [],
                "placement_group_id": ""
              }
            ],
            "platform_id": "standard-v1",
            "resources": [
              {
                "core_fraction": 100,
                "cores": 2,
                "gpus": 0,
                "memory": 4
              }
            ],
            "scheduling_policy": [
              {
                "preemptible": false
              }
            ],
            "secondary_disk": [],
            "service_account_id": "",
            "status": "running",
            "timeouts": null,
            "zone": "ru-central1-a"
          },
          "sensitive_attributes": [],
          "private": "eyJlMmJmYjczMC1lY2FhLTExZTYtOGY4OC0zNDM2M2JjN2M0YzAiOnsiY3JlYXRlIjozMDAwMDAwMDAwMDAsImRlbGV0ZSI6MzAwMDAwMDAwMDAwLCJ1cGRhdGUiOjMwMDAwMDAwMDAwMH0sInNjaGVtYV92ZXJzaW9uIjoiMSJ9",
          "dependencies": [
            "yandex_vpc_network.network-1",
            "yandex_vpc_subnet.subnet-1"
          ]
        },
        {
          "index_key": "dv20-lighthouse",
          "schema_version": 1,
          "attributes": {
            "allow_recreate": null,
            "allow_stopping_for_update": null,
            "boot_disk": [
              {
                "auto_delete": true,
                "device_name": "fhmacm0k0tvtelcqo17r",
                "disk_id": "fhmacm0k0tvtelcqo17r",
                "initialize_params": [
                  {
                    "block_size": 4096,
                    "description": "",
                    "image_id": "fd81hgrcv6lsnkremf32",
                    "name": "",
                    "size": 3,
                    "snapshot_id": "",
                    "type": "network-hdd"
                  }
                ],
                "mode": "READ_WRITE"
              }
            ],
            "created_at": "2022-11-28T20:49:58Z",
            "description": "",
            "folder_id": "b1g120ok8eob761pks4v",
            "fqdn": "fhmgr0blof2ocj7p7rhq.auto.internal",
            "hostname": "",
            "id": "fhmgr0blof2ocj7p7rhq",
            "labels": null,
            "local_disk": [],
            "metadata": {
              "ssh-keys": "vagrant:ssh-rsa AAAAB3NzaC1yc2EAAAADAQABAAABgQDG1swwhJxonVd/so2LGgEl0gXhySFk4H86rwLT++a2hfo1Hf58JIyyrbhfjEeRY0liRo1QvooIYSF6h8K4qoRVYvxvLVN4ntj8s9nbXe7LYThuP8PJAc3kfvrN5Hzq5qeBA1IkGIi33ldGwagKj03cC3hCtsag7dpEsEggg7I5gAlqil3j/X/+zg4Q1ZGzWGQRMCKNtWcwSThIvDqYxeuiDksacdoBLxGxwZrF41PlL7puq8kYzNpCsvFu2FYrUM+HOeo+jJUGIQwQPGp8hTx7y0LPPtiHfw83ctii4VNJU7UH4WUsFZFmcEonZtJ2SKygDF2pqiFbP6//iDfLB3Kc5rzoyF4HY0ZJHIf25bHHsBUKqujRfCDv0H8rbZ3bZcJCZ/e23kKrSkmGibW0jEBGHgJDxHZrYeIsXrsFAgthV7rRpzKe6wo9EuQe8QTSUFed7fKK8YqiXaqOVgYjFhfE5RFbcqy0YS/GnkNAf32yQeqASXhirOOPr5ZpO94QmJE= vmedvedev@mintdesk\n"
            },
            "name": "dv20-lighthouse",
            "network_acceleration_type": "standard",
            "network_interface": [
              {
                "dns_record": [],
                "index": 0,
                "ip_address": "192.168.10.32",
                "ipv4": true,
                "ipv6": false,
                "ipv6_address": "",
                "ipv6_dns_record": [],
                "mac_address": "d0:0d:10:d8:17:5c",
                "nat": true,
                "nat_dns_record": [],
                "nat_ip_address": "51.250.80.120",
                "nat_ip_version": "IPV4",
                "security_group_ids": [],
                "subnet_id": "e9bn6kfaq54vjn0ptp28"
              }
            ],
            "placement_policy": [
              {
                "host_affinity_rules": [],
                "placement_group_id": ""
              }
            ],
            "platform_id": "standard-v1",
            "resources": [
              {
                "core_fraction": 100,
                "cores": 2,
                "gpus": 0,
                "memory": 2
              }
            ],
            "scheduling_policy": [
              {
                "preemptible": false
              }
            ],
            "secondary_disk": [],
            "service_account_id": "",
            "status": "running",
            "timeouts": null,
            "zone": "ru-central1-a"
          },
          "sensitive_attributes": [],
          "private": "eyJlMmJmYjczMC1lY2FhLTExZTYtOGY4OC0zNDM2M2JjN2M0YzAiOnsiY3JlYXRlIjozMDAwMDAwMDAwMDAsImRlbGV0ZSI6MzAwMDAwMDAwMDAwLCJ1cGRhdGUiOjMwMDAwMDAwMDAwMH0sInNjaGVtYV92ZXJzaW9uIjoiMSJ9",
          "dependencies": [
            "yandex_vpc_network.network-1",
            "yandex_vpc_subnet.subnet-1"
          ]
        },
        {
          "index_key": "dv20-vector",
          "schema_version": 1,
          "attributes": {
            "allow_recreate": null,
            "allow_stopping_for_update": null,
            "boot_disk": [
              {
                "auto_delete": true,
                "device_name": "fhmir1jgp0sudg3jqdr8",
                "disk_id": "fhmir1jgp0sudg3jqdr8",
                "initialize_params": [
                  {
                    "block_size": 4096,
                    "description": "",
                    "image_id": "fd81hgrcv6lsnkremf32",
                    "name": "",
                    "size": 3,
                    "snapshot_id": "",
                    "type": "network-hdd"
                  }
                ],
                "mode": "READ_WRITE"
              }
            ],
            "created_at": "2022-11-28T20:49:58Z",
            "description": "",
            "folder_id": "b1g120ok8eob761pks4v",
            "fqdn": "fhm1orsf8tgck17s6oik.auto.internal",
            "hostname": "",
            "id": "fhm1orsf8tgck17s6oik",
            "labels": null,
            "local_disk": [],
            "metadata": {
              "ssh-keys": "vagrant:ssh-rsa AAAAB3NzaC1yc2EAAAADAQABAAABgQDG1swwhJxonVd/so2LGgEl0gXhySFk4H86rwLT++a2hfo1Hf58JIyyrbhfjEeRY0liRo1QvooIYSF6h8K4qoRVYvxvLVN4ntj8s9nbXe7LYThuP8PJAc3kfvrN5Hzq5qeBA1IkGIi33ldGwagKj03cC3hCtsag7dpEsEggg7I5gAlqil3j/X/+zg4Q1ZGzWGQRMCKNtWcwSThIvDqYxeuiDksacdoBLxGxwZrF41PlL7puq8kYzNpCsvFu2FYrUM+HOeo+jJUGIQwQPGp8hTx7y0LPPtiHfw83ctii4VNJU7UH4WUsFZFmcEonZtJ2SKygDF2pqiFbP6//iDfLB3Kc5rzoyF4HY0ZJHIf25bHHsBUKqujRfCDv0H8rbZ3bZcJCZ/e23kKrSkmGibW0jEBGHgJDxHZrYeIsXrsFAgthV7rRpzKe6wo9EuQe8QTSUFed7fKK8YqiXaqOVgYjFhfE5RFbcqy0YS/GnkNAf32yQeqASXhirOOPr5ZpO94QmJE= vmedvedev@mintdesk\n"
            },
            "name": "dv20-vector",
            "network_acceleration_type": "standard",
            "network_interface": [
              {
                "dns_record": [],
                "index": 0,
                "ip_address": "192.168.10.12",
                "ipv4": true,
                "ipv6": false,
                "ipv6_address": "",
                "ipv6_dns_record": [],
                "mac_address": "d0:0d:1c:6f:8f:47",
                "nat": true,
                "nat_dns_record": [],
                "nat_ip_address": "84.201.158.207",
                "nat_ip_version": "IPV4",
                "security_group_ids": [],
                "subnet_id": "e9bn6kfaq54vjn0ptp28"
              }
            ],
            "placement_policy": [
              {
                "host_affinity_rules": [],
                "placement_group_id": ""
              }
            ],
            "platform_id": "standard-v1",
            "resources": [
              {
                "core_fraction": 100,
                "cores": 2,
                "gpus": 0,
                "memory": 2
              }
            ],
            "scheduling_policy": [
              {
                "preemptible": false
              }
            ],
            "secondary_disk": [],
            "service_account_id": "",
            "status": "running",
            "timeouts": null,
            "zone": "ru-central1-a"
          },
          "sensitive_attributes": [],
          "private": "eyJlMmJmYjczMC1lY2FhLTExZTYtOGY4OC0zNDM2M2JjN2M0YzAiOnsiY3JlYXRlIjozMDAwMDAwMDAwMDAsImRlbGV0ZSI6MzAwMDAwMDAwMDAwLCJ1cGRhdGUiOjMwMDAwMDAwMDAwMH0sInNjaGVtYV92ZXJzaW9uIjoiMSJ9",
          "dependencies": [
            "yandex_vpc_network.network-1",
            "yandex_vpc_subnet.subnet-1"
          ]
        }
      ]
    },
    {
      "mode": "managed",
      "type": "yandex_vpc_network",
      "name": "network-1",
      "provider": "provider[\"registry.terraform.io/yandex-cloud/yandex\"]",
      "instances": [
        {
          "schema_version": 0,
          "attributes": {
            "created_at": "2022-11-28T20:49:55Z",
            "default_security_group_id": "",
            "description": "",
            "folder_id": "b1g120ok8eob761pks4v",
            "id": "enpujdqguks2nucb4rss",
            "labels": {},
            "name": "network1",
            "subnet_ids": [],
            "timeouts": null
          },
          "sensitive_attributes": [],
          "private": "eyJlMmJmYjczMC1lY2FhLTExZTYtOGY4OC0zNDM2M2JjN2M0YzAiOnsiY3JlYXRlIjo2MDAwMDAwMDAwMCwiZGVsZXRlIjo2MDAwMDAwMDAwMCwidXBkYXRlIjo2MDAwMDAwMDAwMH19"
        }
      ]
    },
    {
      "mode": "managed",
      "type": "yandex_vpc_subnet",
      "name": "subnet-1",
      "provider": "provider[\"registry.terraform.io/yandex-cloud/yandex\"]",
      "instances": [
        {
          "schema_version": 0,
          "attributes": {
            "created_at": "2022-11-28T20:49:57Z",
            "description": "",
            "dhcp_options": [],
            "folder_id": "b1g120ok8eob761pks4v",
            "id": "e9bn6kfaq54vjn0ptp28",
            "labels": {},
            "name": "subnet1",
            "network_id": "enpujdqguks2nucb4rss",
            "route_table_id": "",
            "timeouts": null,
            "v4_cidr_blocks": [
              "192.168.10.0/24"
            ],
            "v6_cidr_blocks": [],
            "zone": "ru-central1-a"
          },
          "sensitive_attributes": [],
          "private": "eyJlMmJmYjczMC1lY2FhLTExZTYtOGY4OC0zNDM2M2JjN2M0YzAiOnsiY3JlYXRlIjoxODAwMDAwMDAwMDAsImRlbGV0ZSI6MTgwMDAwMDAwMDAwLCJ1cGRhdGUiOjE4MDAwMDAwMDAwMH19",
          "dependencies": [
            "yandex_vpc_network.network-1"
          ]
        }
      ]
    }
  ],
  "check_results": null
}
