{
  "version": 4,
  "terraform_version": "1.3.6",
  "serial": 50,
  "lineage": "cc081b40-57f0-7a2e-16e1-4063c00e3240",
  "outputs": {
    "external_ip_address_vms": {
      "value": {
        "dv20-clickhouse": "158.160.38.117",
        "dv20-lighthouse": "158.160.44.242",
        "dv20-vector": "158.160.48.88"
      },
      "type": [
        "object",
        {
          "dv20-clickhouse": "string",
          "dv20-lighthouse": "string",
          "dv20-vector": "string"
        }
      ]
    }
  },
  "resources": [
    {
      "mode": "managed",
      "type": "yandex_compute_instance",
      "name": "vms",
      "provider": "provider[\"registry.terraform.io/yandex-cloud/yandex\"]",
      "instances": [
        {
          "index_key": "dv20-clickhouse",
          "schema_version": 1,
          "attributes": {
            "allow_recreate": null,
            "allow_stopping_for_update": null,
            "boot_disk": [
              {
                "auto_delete": true,
                "device_name": "fhm8kcemaanq7qf5rd9s",
                "disk_id": "fhm8kcemaanq7qf5rd9s",
                "initialize_params": [
                  {
                    "block_size": 4096,
                    "description": "",
                    "image_id": "fd8jvcoeij6u9se84dt5",
                    "name": "",
                    "size": 10,
                    "snapshot_id": "",
                    "type": "network-hdd"
                  }
                ],
                "mode": "READ_WRITE"
              }
            ],
            "created_at": "2022-12-17T11:53:18Z",
            "description": "",
            "folder_id": "b1g120ok8eob761pks4v",
            "fqdn": "fhm5q7sdjea677rrhn01.auto.internal",
            "hostname": "",
            "id": "fhm5q7sdjea677rrhn01",
            "labels": null,
            "local_disk": [],
            "metadata": {
              "ssh-keys": "vagrant:ssh-rsa AAAAB3NzaC1yc2EAAAADAQABAAABgQC+PnbCC2yy0OEKy9BCBwfDLz60sAtR1HmHCE5TlNlRWsRTbkM0LM8JM7qStsc8ZRyiSFqP93wDvQ3yixJA7sk+QeKLhjnOF6MIm1dZx4QXj1IhnkKT7aokTO5a6RcNIAPFnYAcxsDnFflQ/Rnscei3xRWl0MVa9JBkOptCSShIFGMAxRkvRYAwA/g5pxg2ob27sf6pPzHCfu6p7tuE113fKBS9aSyTsM5piFVMPYBEIDllz4trC5uI98KR91DKde0pDlLlU7ORoQIbLQprfj6rpCHCg8GmW0ZAJuXI9sHxKqKakuVr6DU5V5Lrv/o8UQL4ytcb4cZkXgoyEVnEmKieZ/ol25k6n/P1cCtyi9vD5SoY0hitCwycQFp9frwNPPx7BzSGAuCFM6qKLAzn7U6gr5d5bZGOsPkwb5bfQyfLdP0frr44LfESythnk4kQa6rjGP1lJbyZ+5UpQE+/61yHQWo+GOc/GGtIgTRuISUDS+mqRXndgagu2u4x2WTm9LE= vagrant@vagrant\n"
            },
            "name": "dv20-clickhouse",
            "network_acceleration_type": "standard",
            "network_interface": [
              {
                "dns_record": [],
                "index": 0,
                "ip_address": "192.168.10.26",
                "ipv4": true,
                "ipv6": false,
                "ipv6_address": "",
                "ipv6_dns_record": [],
                "mac_address": "d0:0d:5d:1f:8d:9b",
                "nat": true,
                "nat_dns_record": [],
                "nat_ip_address": "158.160.38.117",
                "nat_ip_version": "IPV4",
                "security_group_ids": [],
                "subnet_id": "e9bqpfr3b96vs0mao2gt"
              }
            ],
            "placement_policy": [
              {
                "host_affinity_rules": [],
                "placement_group_id": ""
              }
            ],
            "platform_id": "standard-v1",
            "resources": [
              {
                "core_fraction": 100,
                "cores": 2,
                "gpus": 0,
                "memory": 4
              }
            ],
            "scheduling_policy": [
              {
                "preemptible": false
              }
            ],
            "secondary_disk": [],
            "service_account_id": "",
            "status": "running",
            "timeouts": null,
            "zone": "ru-central1-a"
          },
          "sensitive_attributes": [],
          "private": "eyJlMmJmYjczMC1lY2FhLTExZTYtOGY4OC0zNDM2M2JjN2M0YzAiOnsiY3JlYXRlIjozMDAwMDAwMDAwMDAsImRlbGV0ZSI6MzAwMDAwMDAwMDAwLCJ1cGRhdGUiOjMwMDAwMDAwMDAwMH0sInNjaGVtYV92ZXJzaW9uIjoiMSJ9",
          "dependencies": [
            "yandex_vpc_subnet.subnet-1"
          ]
        },
        {
          "index_key": "dv20-lighthouse",
          "schema_version": 1,
          "attributes": {
            "allow_recreate": null,
            "allow_stopping_for_update": null,
            "boot_disk": [
              {
                "auto_delete": true,
                "device_name": "fhmikl0uniivt40vih51",
                "disk_id": "fhmikl0uniivt40vih51",
                "initialize_params": [
                  {
                    "block_size": 4096,
                    "description": "",
                    "image_id": "fd8jvcoeij6u9se84dt5",
                    "name": "",
                    "size": 10,
                    "snapshot_id": "",
                    "type": "network-hdd"
                  }
                ],
                "mode": "READ_WRITE"
              }
            ],
            "created_at": "2022-12-17T11:53:21Z",
            "description": "",
            "folder_id": "b1g120ok8eob761pks4v",
            "fqdn": "fhm6fr4e9vdlh3hcukmv.auto.internal",
            "hostname": "",
            "id": "fhm6fr4e9vdlh3hcukmv",
            "labels": null,
            "local_disk": [],
            "metadata": {
              "ssh-keys": "vagrant:ssh-rsa AAAAB3NzaC1yc2EAAAADAQABAAABgQC+PnbCC2yy0OEKy9BCBwfDLz60sAtR1HmHCE5TlNlRWsRTbkM0LM8JM7qStsc8ZRyiSFqP93wDvQ3yixJA7sk+QeKLhjnOF6MIm1dZx4QXj1IhnkKT7aokTO5a6RcNIAPFnYAcxsDnFflQ/Rnscei3xRWl0MVa9JBkOptCSShIFGMAxRkvRYAwA/g5pxg2ob27sf6pPzHCfu6p7tuE113fKBS9aSyTsM5piFVMPYBEIDllz4trC5uI98KR91DKde0pDlLlU7ORoQIbLQprfj6rpCHCg8GmW0ZAJuXI9sHxKqKakuVr6DU5V5Lrv/o8UQL4ytcb4cZkXgoyEVnEmKieZ/ol25k6n/P1cCtyi9vD5SoY0hitCwycQFp9frwNPPx7BzSGAuCFM6qKLAzn7U6gr5d5bZGOsPkwb5bfQyfLdP0frr44LfESythnk4kQa6rjGP1lJbyZ+5UpQE+/61yHQWo+GOc/GGtIgTRuISUDS+mqRXndgagu2u4x2WTm9LE= vagrant@vagrant\n"
            },
            "name": "dv20-lighthouse",
            "network_acceleration_type": "standard",
            "network_interface": [
              {
                "dns_record": [],
                "index": 0,
                "ip_address": "192.168.10.25",
                "ipv4": true,
                "ipv6": false,
                "ipv6_address": "",
                "ipv6_dns_record": [],
                "mac_address": "d0:0d:67:ec:8e:4f",
                "nat": true,
                "nat_dns_record": [],
                "nat_ip_address": "158.160.44.242",
                "nat_ip_version": "IPV4",
                "security_group_ids": [],
                "subnet_id": "e9bqpfr3b96vs0mao2gt"
              }
            ],
            "placement_policy": [
              {
                "host_affinity_rules": [],
                "placement_group_id": ""
              }
            ],
            "platform_id": "standard-v1",
            "resources": [
              {
                "core_fraction": 100,
                "cores": 2,
                "gpus": 0,
                "memory": 2
              }
            ],
            "scheduling_policy": [
              {
                "preemptible": false
              }
            ],
            "secondary_disk": [],
            "service_account_id": "",
            "status": "running",
            "timeouts": null,
            "zone": "ru-central1-a"
          },
          "sensitive_attributes": [],
          "private": "eyJlMmJmYjczMC1lY2FhLTExZTYtOGY4OC0zNDM2M2JjN2M0YzAiOnsiY3JlYXRlIjozMDAwMDAwMDAwMDAsImRlbGV0ZSI6MzAwMDAwMDAwMDAwLCJ1cGRhdGUiOjMwMDAwMDAwMDAwMH0sInNjaGVtYV92ZXJzaW9uIjoiMSJ9",
          "dependencies": [
            "yandex_vpc_subnet.subnet-1"
          ]
        },
        {
          "index_key": "dv20-vector",
          "schema_version": 1,
          "attributes": {
            "allow_recreate": null,
            "allow_stopping_for_update": null,
            "boot_disk": [
              {
                "auto_delete": true,
                "device_name": "fhms0c19n87d1s7jo56n",
                "disk_id": "fhms0c19n87d1s7jo56n",
                "initialize_params": [
                  {
                    "block_size": 4096,
                    "description": "",
                    "image_id": "fd8jvcoeij6u9se84dt5",
                    "name": "",
                    "size": 10,
                    "snapshot_id": "",
                    "type": "network-hdd"
                  }
                ],
                "mode": "READ_WRITE"
              }
            ],
            "created_at": "2022-12-17T11:53:21Z",
            "description": "",
            "folder_id": "b1g120ok8eob761pks4v",
            "fqdn": "fhm3p880pd5qamo14j5n.auto.internal",
            "hostname": "",
            "id": "fhm3p880pd5qamo14j5n",
            "labels": null,
            "local_disk": [],
            "metadata": {
              "ssh-keys": "vagrant:ssh-rsa AAAAB3NzaC1yc2EAAAADAQABAAABgQC+PnbCC2yy0OEKy9BCBwfDLz60sAtR1HmHCE5TlNlRWsRTbkM0LM8JM7qStsc8ZRyiSFqP93wDvQ3yixJA7sk+QeKLhjnOF6MIm1dZx4QXj1IhnkKT7aokTO5a6RcNIAPFnYAcxsDnFflQ/Rnscei3xRWl0MVa9JBkOptCSShIFGMAxRkvRYAwA/g5pxg2ob27sf6pPzHCfu6p7tuE113fKBS9aSyTsM5piFVMPYBEIDllz4trC5uI98KR91DKde0pDlLlU7ORoQIbLQprfj6rpCHCg8GmW0ZAJuXI9sHxKqKakuVr6DU5V5Lrv/o8UQL4ytcb4cZkXgoyEVnEmKieZ/ol25k6n/P1cCtyi9vD5SoY0hitCwycQFp9frwNPPx7BzSGAuCFM6qKLAzn7U6gr5d5bZGOsPkwb5bfQyfLdP0frr44LfESythnk4kQa6rjGP1lJbyZ+5UpQE+/61yHQWo+GOc/GGtIgTRuISUDS+mqRXndgagu2u4x2WTm9LE= vagrant@vagrant\n"
            },
            "name": "dv20-vector",
            "network_acceleration_type": "standard",
            "network_interface": [
              {
                "dns_record": [],
                "index": 0,
                "ip_address": "192.168.10.28",
                "ipv4": true,
                "ipv6": false,
                "ipv6_address": "",
                "ipv6_dns_record": [],
                "mac_address": "d0:0d:3c:a1:00:cb",
                "nat": true,
                "nat_dns_record": [],
                "nat_ip_address": "158.160.48.88",
                "nat_ip_version": "IPV4",
                "security_group_ids": [],
                "subnet_id": "e9bqpfr3b96vs0mao2gt"
              }
            ],
            "placement_policy": [
              {
                "host_affinity_rules": [],
                "placement_group_id": ""
              }
            ],
            "platform_id": "standard-v1",
            "resources": [
              {
                "core_fraction": 100,
                "cores": 2,
                "gpus": 0,
                "memory": 2
              }
            ],
            "scheduling_policy": [
              {
                "preemptible": false
              }
            ],
            "secondary_disk": [],
            "service_account_id": "",
            "status": "running",
            "timeouts": null,
            "zone": "ru-central1-a"
          },
          "sensitive_attributes": [],
          "private": "eyJlMmJmYjczMC1lY2FhLTExZTYtOGY4OC0zNDM2M2JjN2M0YzAiOnsiY3JlYXRlIjozMDAwMDAwMDAwMDAsImRlbGV0ZSI6MzAwMDAwMDAwMDAwLCJ1cGRhdGUiOjMwMDAwMDAwMDAwMH0sInNjaGVtYV92ZXJzaW9uIjoiMSJ9",
          "dependencies": [
            "yandex_vpc_subnet.subnet-1"
          ]
        }
      ]
    },
    {
      "mode": "managed",
      "type": "yandex_vpc_network",
      "name": "network-1",
      "provider": "provider[\"registry.terraform.io/yandex-cloud/yandex\"]",
      "instances": [
        {
          "schema_version": 0,
          "attributes": {
            "created_at": "2022-12-17T11:04:05Z",
            "default_security_group_id": "",
            "description": "",
            "folder_id": "b1g120ok8eob761pks4v",
            "id": "enp6sh6poddatatfus6e",
            "labels": {},
            "name": "network1",
            "subnet_ids": [
              "e9bqpfr3b96vs0mao2gt"
            ],
            "timeouts": null
          },
          "sensitive_attributes": [],
          "private": "eyJlMmJmYjczMC1lY2FhLTExZTYtOGY4OC0zNDM2M2JjN2M0YzAiOnsiY3JlYXRlIjo2MDAwMDAwMDAwMCwiZGVsZXRlIjo2MDAwMDAwMDAwMCwidXBkYXRlIjo2MDAwMDAwMDAwMH19"
        }
      ]
    },
    {
      "mode": "managed",
      "type": "yandex_vpc_subnet",
      "name": "subnet-1",
      "provider": "provider[\"registry.terraform.io/yandex-cloud/yandex\"]",
      "instances": [
        {
          "schema_version": 0,
          "attributes": {
            "created_at": "2022-12-17T11:04:07Z",
            "description": "",
            "dhcp_options": [],
            "folder_id": "b1g120ok8eob761pks4v",
            "id": "e9bqpfr3b96vs0mao2gt",
            "labels": {},
            "name": "subnet1",
            "network_id": "enp6sh6poddatatfus6e",
            "route_table_id": "",
            "timeouts": null,
            "v4_cidr_blocks": [
              "192.168.10.0/24"
            ],
            "v6_cidr_blocks": [],
            "zone": "ru-central1-a"
          },
          "sensitive_attributes": [],
          "private": "eyJlMmJmYjczMC1lY2FhLTExZTYtOGY4OC0zNDM2M2JjN2M0YzAiOnsiY3JlYXRlIjoxODAwMDAwMDAwMDAsImRlbGV0ZSI6MTgwMDAwMDAwMDAwLCJ1cGRhdGUiOjE4MDAwMDAwMDAwMH19",
          "dependencies": [
            "yandex_vpc_network.network-1"
          ]
        }
      ]
    }
  ],
  "check_results": null
}
